
Microsoft Visual Studio Solution File, Format Version 12.00
# Visual Studio 15
VisualStudioVersion = 15.0.28307.329
MinimumVisualStudioVersion = 10.0.40219.1
Project("{FAE04EC0-301F-11D3-BF4B-00C04F79EFBC}") = "TVIPA", "TVIPA\TVIPA.csproj", "{AC9213D0-D8C4-430C-B49D-9F7F64A44861}"
EndProject
Global
	GlobalSection(SolutionConfigurationPlatforms) = preSolution
		Debug|Any CPU = Debug|Any CPU
		Release|Any CPU = Release|Any CPU
	EndGlobalSection
	GlobalSection(ProjectConfigurationPlatforms) = postSolution
		{AC9213D0-D8C4-430C-B49D-9F7F64A44861}.Debug|Any CPU.ActiveCfg = Debug|Any CPU
		{AC9213D0-D8C4-430C-B49D-9F7F64A44861}.Debug|Any CPU.Build.0 = Debug|Any CPU
		{AC9213D0-D8C4-430C-B49D-9F7F64A44861}.Release|Any CPU.ActiveCfg = Release|Any CPU
		{AC9213D0-D8C4-430C-B49D-9F7F64A44861}.Release|Any CPU.Build.0 = Release|Any CPU
	EndGlobalSection
	GlobalSection(SolutionProperties) = preSolution
		HideSolutionNode = FALSE
	EndGlobalSection
	GlobalSection(ExtensibilityGlobals) = postSolution
		SolutionGuid = {5FFCC08B-1D87-4684-BC8A-A6B85A16C541}
	EndGlobalSection
EndGlobal
